
Microsoft Visual Studio Solution File, Format Version 12.00
# Visual Studio Version 17
VisualStudioVersion = 17.7.34031.279
MinimumVisualStudioVersion = 10.0.40219.1
Project("{FAE04EC0-301F-11D3-BF4B-00C04F79EFBC}") = "avto__", "avto__\avto__.csproj", "{ACC8FC88-C6AE-470E-99C7-C3005C74D832}"
EndProject
Global
	GlobalSection(SolutionConfigurationPlatforms) = preSolution
		Debug|Any CPU = Debug|Any CPU
		Release|Any CPU = Release|Any CPU
	EndGlobalSection
	GlobalSection(ProjectConfigurationPlatforms) = postSolution
		{ACC8FC88-C6AE-470E-99C7-C3005C74D832}.Debug|Any CPU.ActiveCfg = Debug|Any CPU
		{ACC8FC88-C6AE-470E-99C7-C3005C74D832}.Debug|Any CPU.Build.0 = Debug|Any CPU
		{ACC8FC88-C6AE-470E-99C7-C3005C74D832}.Release|Any CPU.ActiveCfg = Release|Any CPU
		{ACC8FC88-C6AE-470E-99C7-C3005C74D832}.Release|Any CPU.Build.0 = Release|Any CPU
	EndGlobalSection
	GlobalSection(SolutionProperties) = preSolution
		HideSolutionNode = FALSE
	EndGlobalSection
	GlobalSection(ExtensibilityGlobals) = postSolution
		SolutionGuid = {EE2486B3-43C3-46FF-AFC7-7430A1896811}
	EndGlobalSection
EndGlobal
